
Microsoft Visual Studio Solution File, Format Version 12.00
# Visual Studio 15
VisualStudioVersion = 15.0.26124.0
MinimumVisualStudioVersion = 15.0.26124.0
Project("{2150E333-8FDC-42A3-9474-1A3956D46DE8}") = "src", "src", "{DF9A35DC-2A19-4246-AB0F-F0815BD94566}"
EndProject
Project("{FAE04EC0-301F-11D3-BF4B-00C04F79EFBC}") = "IdentityServer", "src\IdentityServer\IdentityServer.csproj", "{AE07BE50-A35F-4BA4-A886-23721CC170E9}"
EndProject
Project("{FAE04EC0-301F-11D3-BF4B-00C04F79EFBC}") = "Api", "src\Api\Api.csproj", "{2675C72D-4C6C-4060-B190-976F4402D285}"
EndProject
Project("{FAE04EC0-301F-11D3-BF4B-00C04F79EFBC}") = "Client", "src\Client\Client.csproj", "{D3A225F3-1520-465A-B34B-B558685A36CF}"
EndProject
Project("{FAE04EC0-301F-11D3-BF4B-00C04F79EFBC}") = "MvcClient", "src\MvcClient\MvcClient.csproj", "{D4F182E8-55D4-435C-88E3-30BE072DE269}"
EndProject
Global
	GlobalSection(SolutionConfigurationPlatforms) = preSolution
		Debug|Any CPU = Debug|Any CPU
		Debug|x64 = Debug|x64
		Debug|x86 = Debug|x86
		Release|Any CPU = Release|Any CPU
		Release|x64 = Release|x64
		Release|x86 = Release|x86
	EndGlobalSection
	GlobalSection(SolutionProperties) = preSolution
		HideSolutionNode = FALSE
	EndGlobalSection
	GlobalSection(ProjectConfigurationPlatforms) = postSolution
		{AE07BE50-A35F-4BA4-A886-23721CC170E9}.Debug|Any CPU.ActiveCfg = Debug|Any CPU
		{AE07BE50-A35F-4BA4-A886-23721CC170E9}.Debug|Any CPU.Build.0 = Debug|Any CPU
		{AE07BE50-A35F-4BA4-A886-23721CC170E9}.Debug|x64.ActiveCfg = Debug|Any CPU
		{AE07BE50-A35F-4BA4-A886-23721CC170E9}.Debug|x64.Build.0 = Debug|Any CPU
		{AE07BE50-A35F-4BA4-A886-23721CC170E9}.Debug|x86.ActiveCfg = Debug|Any CPU
		{AE07BE50-A35F-4BA4-A886-23721CC170E9}.Debug|x86.Build.0 = Debug|Any CPU
		{AE07BE50-A35F-4BA4-A886-23721CC170E9}.Release|Any CPU.ActiveCfg = Release|Any CPU
		{AE07BE50-A35F-4BA4-A886-23721CC170E9}.Release|Any CPU.Build.0 = Release|Any CPU
		{AE07BE50-A35F-4BA4-A886-23721CC170E9}.Release|x64.ActiveCfg = Release|Any CPU
		{AE07BE50-A35F-4BA4-A886-23721CC170E9}.Release|x64.Build.0 = Release|Any CPU
		{AE07BE50-A35F-4BA4-A886-23721CC170E9}.Release|x86.ActiveCfg = Release|Any CPU
		{AE07BE50-A35F-4BA4-A886-23721CC170E9}.Release|x86.Build.0 = Release|Any CPU
		{2675C72D-4C6C-4060-B190-976F4402D285}.Debug|Any CPU.ActiveCfg = Debug|Any CPU
		{2675C72D-4C6C-4060-B190-976F4402D285}.Debug|Any CPU.Build.0 = Debug|Any CPU
		{2675C72D-4C6C-4060-B190-976F4402D285}.Debug|x64.ActiveCfg = Debug|Any CPU
		{2675C72D-4C6C-4060-B190-976F4402D285}.Debug|x64.Build.0 = Debug|Any CPU
		{2675C72D-4C6C-4060-B190-976F4402D285}.Debug|x86.ActiveCfg = Debug|Any CPU
		{2675C72D-4C6C-4060-B190-976F4402D285}.Debug|x86.Build.0 = Debug|Any CPU
		{2675C72D-4C6C-4060-B190-976F4402D285}.Release|Any CPU.ActiveCfg = Release|Any CPU
		{2675C72D-4C6C-4060-B190-976F4402D285}.Release|Any CPU.Build.0 = Release|Any CPU
		{2675C72D-4C6C-4060-B190-976F4402D285}.Release|x64.ActiveCfg = Release|Any CPU
		{2675C72D-4C6C-4060-B190-976F4402D285}.Release|x64.Build.0 = Release|Any CPU
		{2675C72D-4C6C-4060-B190-976F4402D285}.Release|x86.ActiveCfg = Release|Any CPU
		{2675C72D-4C6C-4060-B190-976F4402D285}.Release|x86.Build.0 = Release|Any CPU
		{D3A225F3-1520-465A-B34B-B558685A36CF}.Debug|Any CPU.ActiveCfg = Debug|Any CPU
		{D3A225F3-1520-465A-B34B-B558685A36CF}.Debug|Any CPU.Build.0 = Debug|Any CPU
		{D3A225F3-1520-465A-B34B-B558685A36CF}.Debug|x64.ActiveCfg = Debug|Any CPU
		{D3A225F3-1520-465A-B34B-B558685A36CF}.Debug|x64.Build.0 = Debug|Any CPU
		{D3A225F3-1520-465A-B34B-B558685A36CF}.Debug|x86.ActiveCfg = Debug|Any CPU
		{D3A225F3-1520-465A-B34B-B558685A36CF}.Debug|x86.Build.0 = Debug|Any CPU
		{D3A225F3-1520-465A-B34B-B558685A36CF}.Release|Any CPU.ActiveCfg = Release|Any CPU
		{D3A225F3-1520-465A-B34B-B558685A36CF}.Release|Any CPU.Build.0 = Release|Any CPU
		{D3A225F3-1520-465A-B34B-B558685A36CF}.Release|x64.ActiveCfg = Release|Any CPU
		{D3A225F3-1520-465A-B34B-B558685A36CF}.Release|x64.Build.0 = Release|Any CPU
		{D3A225F3-1520-465A-B34B-B558685A36CF}.Release|x86.ActiveCfg = Release|Any CPU
		{D3A225F3-1520-465A-B34B-B558685A36CF}.Release|x86.Build.0 = Release|Any CPU
		{D4F182E8-55D4-435C-88E3-30BE072DE269}.Debug|Any CPU.ActiveCfg = Debug|Any CPU
		{D4F182E8-55D4-435C-88E3-30BE072DE269}.Debug|Any CPU.Build.0 = Debug|Any CPU
		{D4F182E8-55D4-435C-88E3-30BE072DE269}.Debug|x64.ActiveCfg = Debug|Any CPU
		{D4F182E8-55D4-435C-88E3-30BE072DE269}.Debug|x64.Build.0 = Debug|Any CPU
		{D4F182E8-55D4-435C-88E3-30BE072DE269}.Debug|x86.ActiveCfg = Debug|Any CPU
		{D4F182E8-55D4-435C-88E3-30BE072DE269}.Debug|x86.Build.0 = Debug|Any CPU
		{D4F182E8-55D4-435C-88E3-30BE072DE269}.Release|Any CPU.ActiveCfg = Release|Any CPU
		{D4F182E8-55D4-435C-88E3-30BE072DE269}.Release|Any CPU.Build.0 = Release|Any CPU
		{D4F182E8-55D4-435C-88E3-30BE072DE269}.Release|x64.ActiveCfg = Release|Any CPU
		{D4F182E8-55D4-435C-88E3-30BE072DE269}.Release|x64.Build.0 = Release|Any CPU
		{D4F182E8-55D4-435C-88E3-30BE072DE269}.Release|x86.ActiveCfg = Release|Any CPU
		{D4F182E8-55D4-435C-88E3-30BE072DE269}.Release|x86.Build.0 = Release|Any CPU
	EndGlobalSection
	GlobalSection(NestedProjects) = preSolution
		{AE07BE50-A35F-4BA4-A886-23721CC170E9} = {DF9A35DC-2A19-4246-AB0F-F0815BD94566}
		{2675C72D-4C6C-4060-B190-976F4402D285} = {DF9A35DC-2A19-4246-AB0F-F0815BD94566}
		{D3A225F3-1520-465A-B34B-B558685A36CF} = {DF9A35DC-2A19-4246-AB0F-F0815BD94566}
		{D4F182E8-55D4-435C-88E3-30BE072DE269} = {DF9A35DC-2A19-4246-AB0F-F0815BD94566}
	EndGlobalSection
EndGlobal
